// !$*UTF8*$!
{
	archiveVersion = 1;
	classes = {
	};
	objectVersion = 48;
	objects = {

/* Begin PBXBuildFile section */
		8C5D31792283AA9700143172 /* Model.swift in Sources */ = {isa = PBXBuildFile; fileRef = 8C5D31782283AA9700143172 /* Model.swift */; };
		8CAA501D228779AB00E6EA16 /* Asia in Resources */ = {isa = PBXBuildFile; fileRef = 8CAA5017228779AB00E6EA16 /* Asia */; };
		8CAA501E228779AB00E6EA16 /* North_America in Resources */ = {isa = PBXBuildFile; fileRef = 8CAA5018228779AB00E6EA16 /* North_America */; };
		8CAA501F228779AB00E6EA16 /* Oceania in Resources */ = {isa = PBXBuildFile; fileRef = 8CAA5019228779AB00E6EA16 /* Oceania */; };
		8CAA5020228779AB00E6EA16 /* South_America in Resources */ = {isa = PBXBuildFile; fileRef = 8CAA501A228779AB00E6EA16 /* South_America */; };
		8CAA5021228779AB00E6EA16 /* Europe in Resources */ = {isa = PBXBuildFile; fileRef = 8CAA501B228779AB00E6EA16 /* Europe */; };
		8CAA5022228779AB00E6EA16 /* Africa in Resources */ = {isa = PBXBuildFile; fileRef = 8CAA501C228779AB00E6EA16 /* Africa */; };
		8CE1E7F022811173001D5760 /* AppDelegate.swift in Sources */ = {isa = PBXBuildFile; fileRef = 8CE1E7EF22811173001D5760 /* AppDelegate.swift */; };
		8CE1E7F222811173001D5760 /* QuizViewController.swift in Sources */ = {isa = PBXBuildFile; fileRef = 8CE1E7F122811173001D5760 /* QuizViewController.swift */; };
		8CE1E7F522811173001D5760 /* Main.storyboard in Resources */ = {isa = PBXBuildFile; fileRef = 8CE1E7F322811173001D5760 /* Main.storyboard */; };
		8CE1E7F722811174001D5760 /* Assets.xcassets in Resources */ = {isa = PBXBuildFile; fileRef = 8CE1E7F622811174001D5760 /* Assets.xcassets */; };
		8CE1E7FA22811174001D5760 /* LaunchScreen.storyboard in Resources */ = {isa = PBXBuildFile; fileRef = 8CE1E7F822811174001D5760 /* LaunchScreen.storyboard */; };
		8CE1E80522811174001D5760 /* FlagQuizTests.swift in Sources */ = {isa = PBXBuildFile; fileRef = 8CE1E80422811174001D5760 /* FlagQuizTests.swift */; };
		8CE1E81022811174001D5760 /* FlagQuizUITests.swift in Sources */ = {isa = PBXBuildFile; fileRef = 8CE1E80F22811174001D5760 /* FlagQuizUITests.swift */; };
		8CE1E81E2281234F001D5760 /* SettingsViewController.swift in Sources */ = {isa = PBXBuildFile; fileRef = 8CE1E81D2281234F001D5760 /* SettingsViewController.swift */; };
/* End PBXBuildFile section */

/* Begin PBXContainerItemProxy section */
		8CE1E80122811174001D5760 /* PBXContainerItemProxy */ = {
			isa = PBXContainerItemProxy;
			containerPortal = 8CE1E7E422811173001D5760 /* Project object */;
			proxyType = 1;
			remoteGlobalIDString = 8CE1E7EB22811173001D5760;
			remoteInfo = FlagQuiz;
		};
		8CE1E80C22811174001D5760 /* PBXContainerItemProxy */ = {
			isa = PBXContainerItemProxy;
			containerPortal = 8CE1E7E422811173001D5760 /* Project object */;
			proxyType = 1;
			remoteGlobalIDString = 8CE1E7EB22811173001D5760;
			remoteInfo = FlagQuiz;
		};
/* End PBXContainerItemProxy section */

/* Begin PBXFileReference section */
		8C5D31782283AA9700143172 /* Model.swift */ = {isa = PBXFileReference; lastKnownFileType = sourcecode.swift; path = Model.swift; sourceTree = "<group>"; };
		8CAA5017228779AB00E6EA16 /* Asia */ = {isa = PBXFileReference; lastKnownFileType = folder; name = Asia; path = ../../../Downloads/iOS8FP1_examples/images/FlagQuizImages/Asia; sourceTree = "<group>"; };
		8CAA5018228779AB00E6EA16 /* North_America */ = {isa = PBXFileReference; lastKnownFileType = folder; name = North_America; path = ../../../Downloads/iOS8FP1_examples/images/FlagQuizImages/North_America; sourceTree = "<group>"; };
		8CAA5019228779AB00E6EA16 /* Oceania */ = {isa = PBXFileReference; lastKnownFileType = folder; name = Oceania; path = ../../../Downloads/iOS8FP1_examples/images/FlagQuizImages/Oceania; sourceTree = "<group>"; };
		8CAA501A228779AB00E6EA16 /* South_America */ = {isa = PBXFileReference; lastKnownFileType = folder; name = South_America; path = ../../../Downloads/iOS8FP1_examples/images/FlagQuizImages/South_America; sourceTree = "<group>"; };
		8CAA501B228779AB00E6EA16 /* Europe */ = {isa = PBXFileReference; lastKnownFileType = folder; name = Europe; path = ../../../Downloads/iOS8FP1_examples/images/FlagQuizImages/Europe; sourceTree = "<group>"; };
		8CAA501C228779AB00E6EA16 /* Africa */ = {isa = PBXFileReference; lastKnownFileType = folder; name = Africa; path = ../../../Downloads/iOS8FP1_examples/images/FlagQuizImages/Africa; sourceTree = "<group>"; };
		8CE1E7EC22811173001D5760 /* FlagQuiz.app */ = {isa = PBXFileReference; explicitFileType = wrapper.application; includeInIndex = 0; path = FlagQuiz.app; sourceTree = BUILT_PRODUCTS_DIR; };
		8CE1E7EF22811173001D5760 /* AppDelegate.swift */ = {isa = PBXFileReference; lastKnownFileType = sourcecode.swift; path = AppDelegate.swift; sourceTree = "<group>"; };
		8CE1E7F122811173001D5760 /* QuizViewController.swift */ = {isa = PBXFileReference; lastKnownFileType = sourcecode.swift; path = QuizViewController.swift; sourceTree = "<group>"; };
		8CE1E7F422811173001D5760 /* Base */ = {isa = PBXFileReference; lastKnownFileType = file.storyboard; name = Base; path = Base.lproj/Main.storyboard; sourceTree = "<group>"; };
		8CE1E7F622811174001D5760 /* Assets.xcassets */ = {isa = PBXFileReference; lastKnownFileType = folder.assetcatalog; path = Assets.xcassets; sourceTree = "<group>"; };
		8CE1E7F922811174001D5760 /* Base */ = {isa = PBXFileReference; lastKnownFileType = file.storyboard; name = Base; path = Base.lproj/LaunchScreen.storyboard; sourceTree = "<group>"; };
		8CE1E7FB22811174001D5760 /* Info.plist */ = {isa = PBXFileReference; lastKnownFileType = text.plist.xml; path = Info.plist; sourceTree = "<group>"; };
		8CE1E80022811174001D5760 /* FlagQuizTests.xctest */ = {isa = PBXFileReference; explicitFileType = wrapper.cfbundle; includeInIndex = 0; path = FlagQuizTests.xctest; sourceTree = BUILT_PRODUCTS_DIR; };
		8CE1E80422811174001D5760 /* FlagQuizTests.swift */ = {isa = PBXFileReference; lastKnownFileType = sourcecode.swift; path = FlagQuizTests.swift; sourceTree = "<group>"; };
		8CE1E80622811174001D5760 /* Info.plist */ = {isa = PBXFileReference; lastKnownFileType = text.plist.xml; path = Info.plist; sourceTree = "<group>"; };
		8CE1E80B22811174001D5760 /* FlagQuizUITests.xctest */ = {isa = PBXFileReference; explicitFileType = wrapper.cfbundle; includeInIndex = 0; path = FlagQuizUITests.xctest; sourceTree = BUILT_PRODUCTS_DIR; };
		8CE1E80F22811174001D5760 /* FlagQuizUITests.swift */ = {isa = PBXFileReference; lastKnownFileType = sourcecode.swift; path = FlagQuizUITests.swift; sourceTree = "<group>"; };
		8CE1E81122811174001D5760 /* Info.plist */ = {isa = PBXFileReference; lastKnownFileType = text.plist.xml; path = Info.plist; sourceTree = "<group>"; };
		8CE1E81D2281234F001D5760 /* SettingsViewController.swift */ = {isa = PBXFileReference; lastKnownFileType = sourcecode.swift; path = SettingsViewController.swift; sourceTree = "<group>"; };
/* End PBXFileReference section */

/* Begin PBXFrameworksBuildPhase section */
		8CE1E7E922811173001D5760 /* Frameworks */ = {
			isa = PBXFrameworksBuildPhase;
			buildActionMask = 2147483647;
			files = (
			);
			runOnlyForDeploymentPostprocessing = 0;
		};
		8CE1E7FD22811174001D5760 /* Frameworks */ = {
			isa = PBXFrameworksBuildPhase;
			buildActionMask = 2147483647;
			files = (
			);
			runOnlyForDeploymentPostprocessing = 0;
		};
		8CE1E80822811174001D5760 /* Frameworks */ = {
			isa = PBXFrameworksBuildPhase;
			buildActionMask = 2147483647;
			files = (
			);
			runOnlyForDeploymentPostprocessing = 0;
		};
/* End PBXFrameworksBuildPhase section */

/* Begin PBXGroup section */
		8C5D317A2283AB2F00143172 /* images */ = {
			isa = PBXGroup;
			children = (
				8CAA501C228779AB00E6EA16 /* Africa */,
				8CAA5017228779AB00E6EA16 /* Asia */,
				8CAA501B228779AB00E6EA16 /* Europe */,
				8CAA5018228779AB00E6EA16 /* North_America */,
				8CAA5019228779AB00E6EA16 /* Oceania */,
				8CAA501A228779AB00E6EA16 /* South_America */,
			);
			path = images;
			sourceTree = "<group>";
		};
		8CE1E7E322811173001D5760 = {
			isa = PBXGroup;
			children = (
				8C5D317A2283AB2F00143172 /* images */,
				8CE1E7EE22811173001D5760 /* FlagQuiz */,
				8CE1E80322811174001D5760 /* FlagQuizTests */,
				8CE1E80E22811174001D5760 /* FlagQuizUITests */,
				8CE1E7ED22811173001D5760 /* Products */,
			);
			sourceTree = "<group>";
			usesTabs = 0;
		};
		8CE1E7ED22811173001D5760 /* Products */ = {
			isa = PBXGroup;
			children = (
				8CE1E7EC22811173001D5760 /* FlagQuiz.app */,
				8CE1E80022811174001D5760 /* FlagQuizTests.xctest */,
				8CE1E80B22811174001D5760 /* FlagQuizUITests.xctest */,
			);
			name = Products;
			sourceTree = "<group>";
		};
		8CE1E7EE22811173001D5760 /* FlagQuiz */ = {
			isa = PBXGroup;
			children = (
				8CE1E7EF22811173001D5760 /* AppDelegate.swift */,
				8CE1E7F122811173001D5760 /* QuizViewController.swift */,
				8CE1E7F322811173001D5760 /* Main.storyboard */,
				8CE1E7F622811174001D5760 /* Assets.xcassets */,
				8CE1E7F822811174001D5760 /* LaunchScreen.storyboard */,
				8CE1E7FB22811174001D5760 /* Info.plist */,
				8CE1E81D2281234F001D5760 /* SettingsViewController.swift */,
				8C5D31782283AA9700143172 /* Model.swift */,
			);
			path = FlagQuiz;
			sourceTree = "<group>";
		};
		8CE1E80322811174001D5760 /* FlagQuizTests */ = {
			isa = PBXGroup;
			children = (
				8CE1E80422811174001D5760 /* FlagQuizTests.swift */,
				8CE1E80622811174001D5760 /* Info.plist */,
			);
			path = FlagQuizTests;
			sourceTree = "<group>";
		};
		8CE1E80E22811174001D5760 /* FlagQuizUITests */ = {
			isa = PBXGroup;
			children = (
				8CE1E80F22811174001D5760 /* FlagQuizUITests.swift */,
				8CE1E81122811174001D5760 /* Info.plist */,
			);
			path = FlagQuizUITests;
			sourceTree = "<group>";
		};
/* End PBXGroup section */

/* Begin PBXNativeTarget section */
		8CE1E7EB22811173001D5760 /* FlagQuiz */ = {
			isa = PBXNativeTarget;
			buildConfigurationList = 8CE1E81422811174001D5760 /* Build configuration list for PBXNativeTarget "FlagQuiz" */;
			buildPhases = (
				8CE1E7E822811173001D5760 /* Sources */,
				8CE1E7E922811173001D5760 /* Frameworks */,
				8CE1E7EA22811173001D5760 /* Resources */,
			);
			buildRules = (
			);
			dependencies = (
			);
			name = FlagQuiz;
			productName = FlagQuiz;
			productReference = 8CE1E7EC22811173001D5760 /* FlagQuiz.app */;
			productType = "com.apple.product-type.application";
		};
		8CE1E7FF22811174001D5760 /* FlagQuizTests */ = {
			isa = PBXNativeTarget;
			buildConfigurationList = 8CE1E81722811174001D5760 /* Build configuration list for PBXNativeTarget "FlagQuizTests" */;
			buildPhases = (
				8CE1E7FC22811174001D5760 /* Sources */,
				8CE1E7FD22811174001D5760 /* Frameworks */,
				8CE1E7FE22811174001D5760 /* Resources */,
			);
			buildRules = (
			);
			dependencies = (
				8CE1E80222811174001D5760 /* PBXTargetDependency */,
			);
			name = FlagQuizTests;
			productName = FlagQuizTests;
			productReference = 8CE1E80022811174001D5760 /* FlagQuizTests.xctest */;
			productType = "com.apple.product-type.bundle.unit-test";
		};
		8CE1E80A22811174001D5760 /* FlagQuizUITests */ = {
			isa = PBXNativeTarget;
			buildConfigurationList = 8CE1E81A22811174001D5760 /* Build configuration list for PBXNativeTarget "FlagQuizUITests" */;
			buildPhases = (
				8CE1E80722811174001D5760 /* Sources */,
				8CE1E80822811174001D5760 /* Frameworks */,
				8CE1E80922811174001D5760 /* Resources */,
			);
			buildRules = (
			);
			dependencies = (
				8CE1E80D22811174001D5760 /* PBXTargetDependency */,
			);
			name = FlagQuizUITests;
			productName = FlagQuizUITests;
			productReference = 8CE1E80B22811174001D5760 /* FlagQuizUITests.xctest */;
			productType = "com.apple.product-type.bundle.ui-testing";
		};
/* End PBXNativeTarget section */

/* Begin PBXProject section */
		8CE1E7E422811173001D5760 /* Project object */ = {
			isa = PBXProject;
			attributes = {
				LastSwiftUpdateCheck = 0940;
				LastUpgradeCheck = 0940;
				ORGANIZATIONNAME = Deitel;
				TargetAttributes = {
					8CE1E7EB22811173001D5760 = {
						CreatedOnToolsVersion = 9.4.1;
						ProvisioningStyle = Automatic;
					};
					8CE1E7FF22811174001D5760 = {
						CreatedOnToolsVersion = 9.4.1;
						ProvisioningStyle = Automatic;
						TestTargetID = 8CE1E7EB22811173001D5760;
					};
					8CE1E80A22811174001D5760 = {
						CreatedOnToolsVersion = 9.4.1;
						ProvisioningStyle = Automatic;
						TestTargetID = 8CE1E7EB22811173001D5760;
					};
				};
			};
			buildConfigurationList = 8CE1E7E722811173001D5760 /* Build configuration list for PBXProject "FlagQuiz" */;
			compatibilityVersion = "Xcode 8.0";
			developmentRegion = en;
			hasScannedForEncodings = 0;
			knownRegions = (
				en,
				Base,
			);
			mainGroup = 8CE1E7E322811173001D5760;
			productRefGroup = 8CE1E7ED22811173001D5760 /* Products */;
			projectDirPath = "";
			projectRoot = "";
			targets = (
				8CE1E7EB22811173001D5760 /* FlagQuiz */,
				8CE1E7FF22811174001D5760 /* FlagQuizTests */,
				8CE1E80A22811174001D5760 /* FlagQuizUITests */,
			);
		};
/* End PBXProject section */

/* Begin PBXResourcesBuildPhase section */
		8CE1E7EA22811173001D5760 /* Resources */ = {
			isa = PBXResourcesBuildPhase;
			buildActionMask = 2147483647;
			files = (
				8CE1E7FA22811174001D5760 /* LaunchScreen.storyboard in Resources */,
				8CAA5022228779AB00E6EA16 /* Africa in Resources */,
				8CE1E7F722811174001D5760 /* Assets.xcassets in Resources */,
				8CAA501D228779AB00E6EA16 /* Asia in Resources */,
				8CAA5020228779AB00E6EA16 /* South_America in Resources */,
				8CAA501F228779AB00E6EA16 /* Oceania in Resources */,
				8CE1E7F522811173001D5760 /* Main.storyboard in Resources */,
				8CAA5021228779AB00E6EA16 /* Europe in Resources */,
				8CAA501E228779AB00E6EA16 /* North_America in Resources */,
			);
			runOnlyForDeploymentPostprocessing = 0;
		};
		8CE1E7FE22811174001D5760 /* Resources */ = {
			isa = PBXResourcesBuildPhase;
			buildActionMask = 2147483647;
			files = (
			);
			runOnlyForDeploymentPostprocessing = 0;
		};
		8CE1E80922811174001D5760 /* Resources */ = {
			isa = PBXResourcesBuildPhase;
			buildActionMask = 2147483647;
			files = (
			);
			runOnlyForDeploymentPostprocessing = 0;
		};
/* End PBXResourcesBuildPhase section */

/* Begin PBXSourcesBuildPhase section */
		8CE1E7E822811173001D5760 /* Sources */ = {
			isa = PBXSourcesBuildPhase;
			buildActionMask = 2147483647;
			files = (
				8CE1E7F222811173001D5760 /* QuizViewController.swift in Sources */,
				8CE1E7F022811173001D5760 /* AppDelegate.swift in Sources */,
				8CE1E81E2281234F001D5760 /* SettingsViewController.swift in Sources */,
				8C5D31792283AA9700143172 /* Model.swift in Sources */,
			);
			runOnlyForDeploymentPostprocessing = 0;
		};
		8CE1E7FC22811174001D5760 /* Sources */ = {
			isa = PBXSourcesBuildPhase;
			buildActionMask = 2147483647;
			files = (
				8CE1E80522811174001D5760 /* FlagQuizTests.swift in Sources */,
			);
			runOnlyForDeploymentPostprocessing = 0;
		};
		8CE1E80722811174001D5760 /* Sources */ = {
			isa = PBXSourcesBuildPhase;
			buildActionMask = 2147483647;
			files = (
				8CE1E81022811174001D5760 /* FlagQuizUITests.swift in Sources */,
			);
			runOnlyForDeploymentPostprocessing = 0;
		};
/* End PBXSourcesBuildPhase section */

/* Begin PBXTargetDependency section */
		8CE1E80222811174001D5760 /* PBXTargetDependency */ = {
			isa = PBXTargetDependency;
			target = 8CE1E7EB22811173001D5760 /* FlagQuiz */;
			targetProxy = 8CE1E80122811174001D5760 /* PBXContainerItemProxy */;
		};
		8CE1E80D22811174001D5760 /* PBXTargetDependency */ = {
			isa = PBXTargetDependency;
			target = 8CE1E7EB22811173001D5760 /* FlagQuiz */;
			targetProxy = 8CE1E80C22811174001D5760 /* PBXContainerItemProxy */;
		};
/* End PBXTargetDependency section */

/* Begin PBXVariantGroup section */
		8CE1E7F322811173001D5760 /* Main.storyboard */ = {
			isa = PBXVariantGroup;
			children = (
				8CE1E7F422811173001D5760 /* Base */,
			);
			name = Main.storyboard;
			sourceTree = "<group>";
		};
		8CE1E7F822811174001D5760 /* LaunchScreen.storyboard */ = {
			isa = PBXVariantGroup;
			children = (
				8CE1E7F922811174001D5760 /* Base */,
			);
			name = LaunchScreen.storyboard;
			sourceTree = "<group>";
		};
/* End PBXVariantGroup section */

/* Begin XCBuildConfiguration section */
		8CE1E81222811174001D5760 /* Debug */ = {
			isa = XCBuildConfiguration;
			buildSettings = {
				ALWAYS_SEARCH_USER_PATHS = NO;
				CLANG_ANALYZER_NONNULL = YES;
				CLANG_ANALYZER_NUMBER_OBJECT_CONVERSION = YES_AGGRESSIVE;
				CLANG_CXX_LANGUAGE_STANDARD = "gnu++14";
				CLANG_CXX_LIBRARY = "libc++";
				CLANG_ENABLE_MODULES = YES;
				CLANG_ENABLE_OBJC_ARC = YES;
				CLANG_ENABLE_OBJC_WEAK = YES;
				CLANG_WARN_BLOCK_CAPTURE_AUTORELEASING = YES;
				CLANG_WARN_BOOL_CONVERSION = YES;
				CLANG_WARN_COMMA = YES;
				CLANG_WARN_CONSTANT_CONVERSION = YES;
				CLANG_WARN_DEPRECATED_OBJC_IMPLEMENTATIONS = YES;
				CLANG_WARN_DIRECT_OBJC_ISA_USAGE = YES_ERROR;
				CLANG_WARN_DOCUMENTATION_COMMENTS = YES;
				CLANG_WARN_EMPTY_BODY = YES;
				CLANG_WARN_ENUM_CONVERSION = YES;
				CLANG_WARN_INFINITE_RECURSION = YES;
				CLANG_WARN_INT_CONVERSION = YES;
				CLANG_WARN_NON_LITERAL_NULL_CONVERSION = YES;
				CLANG_WARN_OBJC_IMPLICIT_RETAIN_SELF = YES;
				CLANG_WARN_OBJC_LITERAL_CONVERSION = YES;
				CLANG_WARN_OBJC_ROOT_CLASS = YES_ERROR;
				CLANG_WARN_RANGE_LOOP_ANALYSIS = YES;
				CLANG_WARN_STRICT_PROTOTYPES = YES;
				CLANG_WARN_SUSPICIOUS_MOVE = YES;
				CLANG_WARN_UNGUARDED_AVAILABILITY = YES_AGGRESSIVE;
				CLANG_WARN_UNREACHABLE_CODE = YES;
				CLANG_WARN__DUPLICATE_METHOD_MATCH = YES;
				CODE_SIGN_IDENTITY = "iPhone Developer";
				COPY_PHASE_STRIP = NO;
				DEBUG_INFORMATION_FORMAT = dwarf;
				ENABLE_STRICT_OBJC_MSGSEND = YES;
				ENABLE_TESTABILITY = YES;
				GCC_C_LANGUAGE_STANDARD = gnu11;
				GCC_DYNAMIC_NO_PIC = NO;
				GCC_NO_COMMON_BLOCKS = YES;
				GCC_OPTIMIZATION_LEVEL = 0;
				GCC_PREPROCESSOR_DEFINITIONS = (
					"DEBUG=1",
					"$(inherited)",
				);
				GCC_WARN_64_TO_32_BIT_CONVERSION = YES;
				GCC_WARN_ABOUT_RETURN_TYPE = YES_ERROR;
				GCC_WARN_UNDECLARED_SELECTOR = YES;
				GCC_WARN_UNINITIALIZED_AUTOS = YES_AGGRESSIVE;
				GCC_WARN_UNUSED_FUNCTION = YES;
				GCC_WARN_UNUSED_VARIABLE = YES;
				IPHONEOS_DEPLOYMENT_TARGET = 11.4;
				MTL_ENABLE_DEBUG_INFO = YES;
				ONLY_ACTIVE_ARCH = YES;
				SDKROOT = iphoneos;
				SWIFT_ACTIVE_COMPILATION_CONDITIONS = DEBUG;
				SWIFT_OPTIMIZATION_LEVEL = "-Onone";
			};
			name = Debug;
		};
		8CE1E81322811174001D5760 /* Release */ = {
			isa = XCBuildConfiguration;
			buildSettings = {
				ALWAYS_SEARCH_USER_PATHS = NO;
				CLANG_ANALYZER_NONNULL = YES;
				CLANG_ANALYZER_NUMBER_OBJECT_CONVERSION = YES_AGGRESSIVE;
				CLANG_CXX_LANGUAGE_STANDARD = "gnu++14";
				CLANG_CXX_LIBRARY = "libc++";
				CLANG_ENABLE_MODULES = YES;
				CLANG_ENABLE_OBJC_ARC = YES;
				CLANG_ENABLE_OBJC_WEAK = YES;
				CLANG_WARN_BLOCK_CAPTURE_AUTORELEASING = YES;
				CLANG_WARN_BOOL_CONVERSION = YES;
				CLANG_WARN_COMMA = YES;
				CLANG_WARN_CONSTANT_CONVERSION = YES;
				CLANG_WARN_DEPRECATED_OBJC_IMPLEMENTATIONS = YES;
				CLANG_WARN_DIRECT_OBJC_ISA_USAGE = YES_ERROR;
				CLANG_WARN_DOCUMENTATION_COMMENTS = YES;
				CLANG_WARN_EMPTY_BODY = YES;
				CLANG_WARN_ENUM_CONVERSION = YES;
				CLANG_WARN_INFINITE_RECURSION = YES;
				CLANG_WARN_INT_CONVERSION = YES;
				CLANG_WARN_NON_LITERAL_NULL_CONVERSION = YES;
				CLANG_WARN_OBJC_IMPLICIT_RETAIN_SELF = YES;
				CLANG_WARN_OBJC_LITERAL_CONVERSION = YES;
				CLANG_WARN_OBJC_ROOT_CLASS = YES_ERROR;
				CLANG_WARN_RANGE_LOOP_ANALYSIS = YES;
				CLANG_WARN_STRICT_PROTOTYPES = YES;
				CLANG_WARN_SUSPICIOUS_MOVE = YES;
				CLANG_WARN_UNGUARDED_AVAILABILITY = YES_AGGRESSIVE;
				CLANG_WARN_UNREACHABLE_CODE = YES;
				CLANG_WARN__DUPLICATE_METHOD_MATCH = YES;
				CODE_SIGN_IDENTITY = "iPhone Developer";
				COPY_PHASE_STRIP = NO;
				DEBUG_INFORMATION_FORMAT = "dwarf-with-dsym";
				ENABLE_NS_ASSERTIONS = NO;
				ENABLE_STRICT_OBJC_MSGSEND = YES;
				GCC_C_LANGUAGE_STANDARD = gnu11;
				GCC_NO_COMMON_BLOCKS = YES;
				GCC_WARN_64_TO_32_BIT_CONVERSION = YES;
				GCC_WARN_ABOUT_RETURN_TYPE = YES_ERROR;
				GCC_WARN_UNDECLARED_SELECTOR = YES;
				GCC_WARN_UNINITIALIZED_AUTOS = YES_AGGRESSIVE;
				GCC_WARN_UNUSED_FUNCTION = YES;
				GCC_WARN_UNUSED_VARIABLE = YES;
				IPHONEOS_DEPLOYMENT_TARGET = 11.4;
				MTL_ENABLE_DEBUG_INFO = NO;
				SDKROOT = iphoneos;
				SWIFT_OPTIMIZATION_LEVEL = "-Owholemodule";
				VALIDATE_PRODUCT = YES;
			};
			name = Release;
		};
		8CE1E81522811174001D5760 /* Debug */ = {
			isa = XCBuildConfiguration;
			buildSettings = {
				ASSETCATALOG_COMPILER_APPICON_NAME = AppIcon;
				CODE_SIGN_STYLE = Automatic;
				INFOPLIST_FILE = FlagQuiz/Info.plist;
				IPHONEOS_DEPLOYMENT_TARGET = 8.1;
				LD_RUNPATH_SEARCH_PATHS = "$(inherited) @executable_path/Frameworks";
				PRODUCT_BUNDLE_IDENTIFIER = com.deitel.FlagQuiz;
				PRODUCT_NAME = "$(TARGET_NAME)";
				SWIFT_VERSION = 4.0;
				TARGETED_DEVICE_FAMILY = "1,2";
			};
			name = Debug;
		};
		8CE1E81622811174001D5760 /* Release */ = {
			isa = XCBuildConfiguration;
			buildSettings = {
				ASSETCATALOG_COMPILER_APPICON_NAME = AppIcon;
				CODE_SIGN_STYLE = Automatic;
				INFOPLIST_FILE = FlagQuiz/Info.plist;
				IPHONEOS_DEPLOYMENT_TARGET = 8.1;
				LD_RUNPATH_SEARCH_PATHS = "$(inherited) @executable_path/Frameworks";
				PRODUCT_BUNDLE_IDENTIFIER = com.deitel.FlagQuiz;
				PRODUCT_NAME = "$(TARGET_NAME)";
				SWIFT_VERSION = 4.0;
				TARGETED_DEVICE_FAMILY = "1,2";
			};
			name = Release;
		};
		8CE1E81822811174001D5760 /* Debug */ = {
			isa = XCBuildConfiguration;
			buildSettings = {
				ALWAYS_EMBED_SWIFT_STANDARD_LIBRARIES = YES;
				BUNDLE_LOADER = "$(TEST_HOST)";
				CODE_SIGN_STYLE = Automatic;
				INFOPLIST_FILE = FlagQuizTests/Info.plist;
				LD_RUNPATH_SEARCH_PATHS = "$(inherited) @executable_path/Frameworks @loader_path/Frameworks";
				PRODUCT_BUNDLE_IDENTIFIER = com.deitel.FlagQuizTests;
				PRODUCT_NAME = "$(TARGET_NAME)";
				SWIFT_VERSION = 4.0;
				TARGETED_DEVICE_FAMILY = "1,2";
				TEST_HOST = "$(BUILT_PRODUCTS_DIR)/FlagQuiz.app/FlagQuiz";
			};
			name = Debug;
		};
		8CE1E81922811174001D5760 /* Release */ = {
			isa = XCBuildConfiguration;
			buildSettings = {
				ALWAYS_EMBED_SWIFT_STANDARD_LIBRARIES = YES;
				BUNDLE_LOADER = "$(TEST_HOST)";
				CODE_SIGN_STYLE = Automatic;
				INFOPLIST_FILE = FlagQuizTests/Info.plist;
				LD_RUNPATH_SEARCH_PATHS = "$(inherited) @executable_path/Frameworks @loader_path/Frameworks";
				PRODUCT_BUNDLE_IDENTIFIER = com.deitel.FlagQuizTests;
				PRODUCT_NAME = "$(TARGET_NAME)";
				SWIFT_VERSION = 4.0;
				TARGETED_DEVICE_FAMILY = "1,2";
				TEST_HOST = "$(BUILT_PRODUCTS_DIR)/FlagQuiz.app/FlagQuiz";
			};
			name = Release;
		};
		8CE1E81B22811174001D5760 /* Debug */ = {
			isa = XCBuildConfiguration;
			buildSettings = {
				ALWAYS_EMBED_SWIFT_STANDARD_LIBRARIES = YES;
				CODE_SIGN_STYLE = Automatic;
				INFOPLIST_FILE = FlagQuizUITests/Info.plist;
				LD_RUNPATH_SEARCH_PATHS = "$(inherited) @executable_path/Frameworks @loader_path/Frameworks";
				PRODUCT_BUNDLE_IDENTIFIER = com.deitel.FlagQuizUITests;
				PRODUCT_NAME = "$(TARGET_NAME)";
				SWIFT_VERSION = 4.0;
				TARGETED_DEVICE_FAMILY = "1,2";
				TEST_TARGET_NAME = FlagQuiz;
			};
			name = Debug;
		};
		8CE1E81C22811174001D5760 /* Release */ = {
			isa = XCBuildConfiguration;
			buildSettings = {
				ALWAYS_EMBED_SWIFT_STANDARD_LIBRARIES = YES;
				CODE_SIGN_STYLE = Automatic;
				INFOPLIST_FILE = FlagQuizUITests/Info.plist;
				LD_RUNPATH_SEARCH_PATHS = "$(inherited) @executable_path/Frameworks @loader_path/Frameworks";
				PRODUCT_BUNDLE_IDENTIFIER = com.deitel.FlagQuizUITests;
				PRODUCT_NAME = "$(TARGET_NAME)";
				SWIFT_VERSION = 4.0;
				TARGETED_DEVICE_FAMILY = "1,2";
				TEST_TARGET_NAME = FlagQuiz;
			};
			name = Release;
		};
/* End XCBuildConfiguration section */

/* Begin XCConfigurationList section */
		8CE1E7E722811173001D5760 /* Build configuration list for PBXProject "FlagQuiz" */ = {
			isa = XCConfigurationList;
			buildConfigurations = (
				8CE1E81222811174001D5760 /* Debug */,
				8CE1E81322811174001D5760 /* Release */,
			);
			defaultConfigurationIsVisible = 0;
			defaultConfigurationName = Release;
		};
		8CE1E81422811174001D5760 /* Build configuration list for PBXNativeTarget "FlagQuiz" */ = {
			isa = XCConfigurationList;
			buildConfigurations = (
				8CE1E81522811174001D5760 /* Debug */,
				8CE1E81622811174001D5760 /* Release */,
			);
			defaultConfigurationIsVisible = 0;
			defaultConfigurationName = Release;
		};
		8CE1E81722811174001D5760 /* Build configuration list for PBXNativeTarget "FlagQuizTests" */ = {
			isa = XCConfigurationList;
			buildConfigurations = (
				8CE1E81822811174001D5760 /* Debug */,
				8CE1E81922811174001D5760 /* Release */,
			);
			defaultConfigurationIsVisible = 0;
			defaultConfigurationName = Release;
		};
		8CE1E81A22811174001D5760 /* Build configuration list for PBXNativeTarget "FlagQuizUITests" */ = {
			isa = XCConfigurationList;
			buildConfigurations = (
				8CE1E81B22811174001D5760 /* Debug */,
				8CE1E81C22811174001D5760 /* Release */,
			);
			defaultConfigurationIsVisible = 0;
			defaultConfigurationName = Release;
		};
/* End XCConfigurationList section */
	};
	rootObject = 8CE1E7E422811173001D5760 /* Project object */;
}
